// !$*UTF8*$!
{
	archiveVersion = 1;
	classes = {
	};
	objectVersion = 56;
	objects = {

/* Begin PBXBuildFile section */
		B871C1792E433E44005CB199 /* RemembranceApp.swift in Sources */ = {isa = PBXBuildFile; fileRef = B871C1782E433E44005CB199 /* RemembranceApp.swift */; };
		B871C17B2E433E44005CB199 /* ContentView.swift in Sources */ = {isa = PBXBuildFile; fileRef = B871C17A2E433E44005CB199 /* ContentView.swift */; };
		B871C17D2E433E47005CB199 /* Assets.xcassets in Resources */ = {isa = PBXBuildFile; fileRef = B871C17C2E433E47005CB199 /* Assets.xcassets */; };
		B871C1802E433E47005CB199 /* Preview Assets.xcassets in Resources */ = {isa = PBXBuildFile; fileRef = B871C17F2E433E47005CB199 /* Preview Assets.xcassets */; };
		B871C18A2E433E48005CB199 /* RemembranceTests.swift in Sources */ = {isa = PBXBuildFile; fileRef = B871C1892E433E48005CB199 /* RemembranceTests.swift */; };
		B871C1942E433E48005CB199 /* RemembranceUITests.swift in Sources */ = {isa = PBXBuildFile; fileRef = B871C1932E433E48005CB199 /* RemembranceUITests.swift */; };
		B871C1962E433E48005CB199 /* RemembranceUITestsLaunchTests.swift in Sources */ = {isa = PBXBuildFile; fileRef = B871C1952E433E48005CB199 /* RemembranceUITestsLaunchTests.swift */; };
/* End PBXBuildFile section */

/* Begin PBXContainerItemProxy section */
		B871C1862E433E48005CB199 /* PBXContainerItemProxy */ = {
			isa = PBXContainerItemProxy;
			containerPortal = B871C16D2E433E44005CB199 /* Project object */;
			proxyType = 1;
			remoteGlobalIDString = B871C1742E433E44005CB199;
			remoteInfo = Remembrance;
		};
		B871C1902E433E48005CB199 /* PBXContainerItemProxy */ = {
			isa = PBXContainerItemProxy;
			containerPortal = B871C16D2E433E44005CB199 /* Project object */;
			proxyType = 1;
			remoteGlobalIDString = B871C1742E433E44005CB199;
			remoteInfo = Remembrance;
		};
/* End PBXContainerItemProxy section */

/* Begin PBXFileReference section */
		B871C1752E433E44005CB199 /* Remembrance.app */ = {isa = PBXFileReference; explicitFileType = wrapper.application; includeInIndex = 0; path = Remembrance.app; sourceTree = BUILT_PRODUCTS_DIR; };
		B871C1782E433E44005CB199 /* RemembranceApp.swift */ = {isa = PBXFileReference; lastKnownFileType = sourcecode.swift; path = RemembranceApp.swift; sourceTree = "<group>"; };
		B871C17A2E433E44005CB199 /* ContentView.swift */ = {isa = PBXFileReference; lastKnownFileType = sourcecode.swift; path = ContentView.swift; sourceTree = "<group>"; };
		B871C17C2E433E47005CB199 /* Assets.xcassets */ = {isa = PBXFileReference; lastKnownFileType = folder.assetcatalog; path = Assets.xcassets; sourceTree = "<group>"; };
		B871C17F2E433E47005CB199 /* Preview Assets.xcassets */ = {isa = PBXFileReference; lastKnownFileType = folder.assetcatalog; path = "Preview Assets.xcassets"; sourceTree = "<group>"; };
		B871C1852E433E48005CB199 /* RemembranceTests.xctest */ = {isa = PBXFileReference; explicitFileType = wrapper.cfbundle; includeInIndex = 0; path = RemembranceTests.xctest; sourceTree = BUILT_PRODUCTS_DIR; };
		B871C1892E433E48005CB199 /* RemembranceTests.swift */ = {isa = PBXFileReference; lastKnownFileType = sourcecode.swift; path = RemembranceTests.swift; sourceTree = "<group>"; };
		B871C18F2E433E48005CB199 /* RemembranceUITests.xctest */ = {isa = PBXFileReference; explicitFileType = wrapper.cfbundle; includeInIndex = 0; path = RemembranceUITests.xctest; sourceTree = BUILT_PRODUCTS_DIR; };
		B871C1932E433E48005CB199 /* RemembranceUITests.swift */ = {isa = PBXFileReference; lastKnownFileType = sourcecode.swift; path = RemembranceUITests.swift; sourceTree = "<group>"; };
		B871C1952E433E48005CB199 /* RemembranceUITestsLaunchTests.swift */ = {isa = PBXFileReference; lastKnownFileType = sourcecode.swift; path = RemembranceUITestsLaunchTests.swift; sourceTree = "<group>"; };
/* End PBXFileReference section */

/* Begin PBXFrameworksBuildPhase section */
		B871C1722E433E44005CB199 /* Frameworks */ = {
			isa = PBXFrameworksBuildPhase;
			buildActionMask = 2147483647;
			files = (
			);
			runOnlyForDeploymentPostprocessing = 0;
		};
		B871C1822E433E48005CB199 /* Frameworks */ = {
			isa = PBXFrameworksBuildPhase;
			buildActionMask = 2147483647;
			files = (
			);
			runOnlyForDeploymentPostprocessing = 0;
		};
		B871C18C2E433E48005CB199 /* Frameworks */ = {
			isa = PBXFrameworksBuildPhase;
			buildActionMask = 2147483647;
			files = (
			);
			runOnlyForDeploymentPostprocessing = 0;
		};
/* End PBXFrameworksBuildPhase section */

/* Begin PBXGroup section */
		B871C16C2E433E44005CB199 = {
			isa = PBXGroup;
			children = (
				B871C1772E433E44005CB199 /* Remembrance */,
				B871C1762E433E44005CB199 /* Products */,
			);
			sourceTree = "<group>";
		};
		B871C1762E433E44005CB199 /* Products */ = {
			isa = PBXGroup;
			children = (
				B871C1752E433E44005CB199 /* Remembrance.app */,
			);
			name = Products;
			sourceTree = "<group>";
		};
		B871C1772E433E44005CB199 /* Remembrance */ = {
			isa = PBXGroup;
			children = (
				B871C1782E433E44005CB199 /* RemembranceApp.swift */,
				B871C17A2E433E44005CB199 /* ContentView.swift */,
				B871C17C2E433E47005CB199 /* Assets.xcassets */,
				B871C17E2E433E47005CB199 /* Preview Content */,
			);
			path = ../Remembrance;
			sourceTree = "<group>";
		};
		B871C17E2E433E47005CB199 /* Preview Content */ = {
			isa = PBXGroup;
			children = (
				B871C17F2E433E47005CB199 /* Preview Assets.xcassets */,
			);
			path = "Preview Content";
			sourceTree = "<group>";
		};
		B871C1882E433E48005CB199 /* RemembranceTests */ = {
			isa = PBXGroup;
			children = (
				B871C1892E433E48005CB199 /* RemembranceTests.swift */,
			);
			path = RemembranceTests;
			sourceTree = "<group>";
		};
		B871C1922E433E48005CB199 /* RemembranceUITests */ = {
			isa = PBXGroup;
			children = (
				B871C1932E433E48005CB199 /* RemembranceUITests.swift */,
				B871C1952E433E48005CB199 /* RemembranceUITestsLaunchTests.swift */,
			);
			path = RemembranceUITests;
			sourceTree = "<group>";
		};
/* End PBXGroup section */

/* Begin PBXNativeTarget section */
		B871C1742E433E44005CB199 /* Remembrance */ = {
			isa = PBXNativeTarget;
			buildConfigurationList = B871C1992E433E48005CB199 /* Build configuration list for PBXNativeTarget "Remembrance" */;
			buildPhases = (
				B871C1712E433E44005CB199 /* Sources */,
				B871C1722E433E44005CB199 /* Frameworks */,
				B871C1732E433E44005CB199 /* Resources */,
			);
			buildRules = (
			);
			dependencies = (
			);
			name = Remembrance;
			productName = Remembrance;
			productReference = B871C1752E433E44005CB199 /* Remembrance.app */;
			productType = "com.apple.product-type.application";
		};
		B871C1842E433E48005CB199 /* RemembranceTests */ = {
			isa = PBXNativeTarget;
			buildConfigurationList = B871C19C2E433E48005CB199 /* Build configuration list for PBXNativeTarget "RemembranceTests" */;
			buildPhases = (
				B871C1812E433E48005CB199 /* Sources */,
				B871C1822E433E48005CB199 /* Frameworks */,
				B871C1832E433E48005CB199 /* Resources */,
			);
			buildRules = (
			);
			dependencies = (
				B871C1872E433E48005CB199 /* PBXTargetDependency */,
			);
			name = RemembranceTests;
			productName = RemembranceTests;
			productReference = B871C1852E433E48005CB199 /* RemembranceTests.xctest */;
			productType = "com.apple.product-type.bundle.unit-test";
		};
		B871C18E2E433E48005CB199 /* RemembranceUITests */ = {
			isa = PBXNativeTarget;
			buildConfigurationList = B871C19F2E433E48005CB199 /* Build configuration list for PBXNativeTarget "RemembranceUITests" */;
			buildPhases = (
				B871C18B2E433E48005CB199 /* Sources */,
				B871C18C2E433E48005CB199 /* Frameworks */,
				B871C18D2E433E48005CB199 /* Resources */,
			);
			buildRules = (
			);
			dependencies = (
				B871C1912E433E48005CB199 /* PBXTargetDependency */,
			);
			name = RemembranceUITests;
			productName = RemembranceUITests;
			productReference = B871C18F2E433E48005CB199 /* RemembranceUITests.xctest */;
			productType = "com.apple.product-type.bundle.ui-testing";
		};
/* End PBXNativeTarget section */

/* Begin PBXProject section */
		B871C16D2E433E44005CB199 /* Project object */ = {
			isa = PBXProject;
			attributes = {
				BuildIndependentTargetsInParallel = 1;
				LastSwiftUpdateCheck = 1520;
				LastUpgradeCheck = 1520;
				TargetAttributes = {
					B871C1742E433E44005CB199 = {
						CreatedOnToolsVersion = 15.2;
					};
					B871C1842E433E48005CB199 = {
						CreatedOnToolsVersion = 15.2;
						TestTargetID = B871C1742E433E44005CB199;
					};
					B871C18E2E433E48005CB199 = {
						CreatedOnToolsVersion = 15.2;
						TestTargetID = B871C1742E433E44005CB199;
					};
				};
			};
			buildConfigurationList = B871C1702E433E44005CB199 /* Build configuration list for PBXProject "Remembrance" */;
			compatibilityVersion = "Xcode 14.0";
			developmentRegion = en;
			hasScannedForEncodings = 0;
			knownRegions = (
				en,
				Base,
			);
			mainGroup = B871C16C2E433E44005CB199;
			productRefGroup = B871C1762E433E44005CB199 /* Products */;
			projectDirPath = "";
			projectRoot = "";
			targets = (
				B871C1742E433E44005CB199 /* Remembrance */,
			);
		};
/* End PBXProject section */

/* Begin PBXResourcesBuildPhase section */
		B871C1732E433E44005CB199 /* Resources */ = {
			isa = PBXResourcesBuildPhase;
			buildActionMask = 2147483647;
			files = (
				B871C1802E433E47005CB199 /* Preview Assets.xcassets in Resources */,
				B871C17D2E433E47005CB199 /* Assets.xcassets in Resources */,
			);
			runOnlyForDeploymentPostprocessing = 0;
		};
		B871C1832E433E48005CB199 /* Resources */ = {
			isa = PBXResourcesBuildPhase;
			buildActionMask = 2147483647;
			files = (
			);
			runOnlyForDeploymentPostprocessing = 0;
		};
		B871C18D2E433E48005CB199 /* Resources */ = {
			isa = PBXResourcesBuildPhase;
			buildActionMask = 2147483647;
			files = (
			);
			runOnlyForDeploymentPostprocessing = 0;
		};
/* End PBXResourcesBuildPhase section */

/* Begin PBXSourcesBuildPhase section */
		B871C1712E433E44005CB199 /* Sources */ = {
			isa = PBXSourcesBuildPhase;
			buildActionMask = 2147483647;
			files = (
				B871C17B2E433E44005CB199 /* ContentView.swift in Sources */,
				B871C1792E433E44005CB199 /* RemembranceApp.swift in Sources */,
			);
			runOnlyForDeploymentPostprocessing = 0;
		};
		B871C1812E433E48005CB199 /* Sources */ = {
			isa = PBXSourcesBuildPhase;
			buildActionMask = 2147483647;
			files = (
				B871C18A2E433E48005CB199 /* RemembranceTests.swift in Sources */,
			);
			runOnlyForDeploymentPostprocessing = 0;
		};
		B871C18B2E433E48005CB199 /* Sources */ = {
			isa = PBXSourcesBuildPhase;
			buildActionMask = 2147483647;
			files = (
				B871C1942E433E48005CB199 /* RemembranceUITests.swift in Sources */,
				B871C1962E433E48005CB199 /* RemembranceUITestsLaunchTests.swift in Sources */,
			);
			runOnlyForDeploymentPostprocessing = 0;
		};
/* End PBXSourcesBuildPhase section */

/* Begin PBXTargetDependency section */
		B871C1872E433E48005CB199 /* PBXTargetDependency */ = {
			isa = PBXTargetDependency;
			target = B871C1742E433E44005CB199 /* Remembrance */;
			targetProxy = B871C1862E433E48005CB199 /* PBXContainerItemProxy */;
		};
		B871C1912E433E48005CB199 /* PBXTargetDependency */ = {
			isa = PBXTargetDependency;
			target = B871C1742E433E44005CB199 /* Remembrance */;
			targetProxy = B871C1902E433E48005CB199 /* PBXContainerItemProxy */;
		};
/* End PBXTargetDependency section */

/* Begin XCBuildConfiguration section */
		B871C1972E433E48005CB199 /* Debug */ = {
			isa = XCBuildConfiguration;
			buildSettings = {
				ALWAYS_SEARCH_USER_PATHS = NO;
				ASSETCATALOG_COMPILER_GENERATE_SWIFT_ASSET_SYMBOL_EXTENSIONS = YES;
				CLANG_ANALYZER_NONNULL = YES;
				CLANG_ANALYZER_NUMBER_OBJECT_CONVERSION = YES_AGGRESSIVE;
				CLANG_CXX_LANGUAGE_STANDARD = "gnu++20";
				CLANG_ENABLE_MODULES = YES;
				CLANG_ENABLE_OBJC_ARC = YES;
				CLANG_ENABLE_OBJC_WEAK = YES;
				CLANG_WARN_BLOCK_CAPTURE_AUTORELEASING = YES;
				CLANG_WARN_BOOL_CONVERSION = YES;
				CLANG_WARN_COMMA = YES;
				CLANG_WARN_CONSTANT_CONVERSION = YES;
				CLANG_WARN_DEPRECATED_OBJC_IMPLEMENTATIONS = YES;
				CLANG_WARN_DIRECT_OBJC_ISA_USAGE = YES_ERROR;
				CLANG_WARN_DOCUMENTATION_COMMENTS = YES;
				CLANG_WARN_EMPTY_BODY = YES;
				CLANG_WARN_ENUM_CONVERSION = YES;
				CLANG_WARN_INFINITE_RECURSION = YES;
				CLANG_WARN_INT_CONVERSION = YES;
				CLANG_WARN_NON_LITERAL_NULL_CONVERSION = YES;
				CLANG_WARN_OBJC_IMPLICIT_RETAIN_SELF = YES;
				CLANG_WARN_OBJC_LITERAL_CONVERSION = YES;
				CLANG_WARN_OBJC_ROOT_CLASS = YES_ERROR;
				CLANG_WARN_QUOTED_INCLUDE_IN_FRAMEWORK_HEADER = YES;
				CLANG_WARN_RANGE_LOOP_ANALYSIS = YES;
				CLANG_WARN_STRICT_PROTOTYPES = YES;
				CLANG_WARN_SUSPICIOUS_MOVE = YES;
				CLANG_WARN_UNGUARDED_AVAILABILITY = YES_AGGRESSIVE;
				CLANG_WARN_UNREACHABLE_CODE = YES;
				CLANG_WARN__DUPLICATE_METHOD_MATCH = YES;
				COPY_PHASE_STRIP = NO;
				DEBUG_INFORMATION_FORMAT = dwarf;
				ENABLE_STRICT_OBJC_MSGSEND = YES;
				ENABLE_TESTABILITY = YES;
				ENABLE_USER_SCRIPT_SANDBOXING = YES;
				GCC_C_LANGUAGE_STANDARD = gnu17;
				GCC_DYNAMIC_NO_PIC = NO;
				GCC_NO_COMMON_BLOCKS = YES;
				GCC_OPTIMIZATION_LEVEL = 0;
				GCC_PREPROCESSOR_DEFINITIONS = (
					"DEBUG=1",
					"$(inherited)",
				);
				GCC_WARN_64_TO_32_BIT_CONVERSION = YES;
				GCC_WARN_ABOUT_RETURN_TYPE = YES_ERROR;
				GCC_WARN_UNDECLARED_SELECTOR = YES;
				GCC_WARN_UNINITIALIZED_AUTOS = YES_AGGRESSIVE;
				GCC_WARN_UNUSED_FUNCTION = YES;
				GCC_WARN_UNUSED_VARIABLE = YES;
				IPHONEOS_DEPLOYMENT_TARGET = 16.0;
				LOCALIZATION_PREFERS_STRING_CATALOGS = YES;
				MTL_ENABLE_DEBUG_INFO = INCLUDE_SOURCE;
				MTL_FAST_MATH = YES;
				ONLY_ACTIVE_ARCH = YES;
				SDKROOT = iphoneos;
				SWIFT_ACTIVE_COMPILATION_CONDITIONS = "DEBUG $(inherited)";
				SWIFT_OPTIMIZATION_LEVEL = "-Onone";
			};
			name = Debug;
		};
		B871C1982E433E48005CB199 /* Release */ = {
			isa = XCBuildConfiguration;
			buildSettings = {
				ALWAYS_SEARCH_USER_PATHS = NO;
				ASSETCATALOG_COMPILER_GENERATE_SWIFT_ASSET_SYMBOL_EXTENSIONS = YES;
				CLANG_ANALYZER_NONNULL = YES;
				CLANG_ANALYZER_NUMBER_OBJECT_CONVERSION = YES_AGGRESSIVE;
				CLANG_CXX_LANGUAGE_STANDARD = "gnu++20";
				CLANG_ENABLE_MODULES = YES;
				CLANG_ENABLE_OBJC_ARC = YES;
				CLANG_ENABLE_OBJC_WEAK = YES;
				CLANG_WARN_BLOCK_CAPTURE_AUTORELEASING = YES;
				CLANG_WARN_BOOL_CONVERSION = YES;
				CLANG_WARN_COMMA = YES;
				CLANG_WARN_CONSTANT_CONVERSION = YES;
				CLANG_WARN_DEPRECATED_OBJC_IMPLEMENTATIONS = YES;
				CLANG_WARN_DIRECT_OBJC_ISA_USAGE = YES_ERROR;
				CLANG_WARN_DOCUMENTATION_COMMENTS = YES;
				CLANG_WARN_EMPTY_BODY = YES;
				CLANG_WARN_ENUM_CONVERSION = YES;
				CLANG_WARN_INFINITE_RECURSION = YES;
				CLANG_WARN_INT_CONVERSION = YES;
				CLANG_WARN_NON_LITERAL_NULL_CONVERSION = YES;
				CLANG_WARN_OBJC_IMPLICIT_RETAIN_SELF = YES;
				CLANG_WARN_OBJC_LITERAL_CONVERSION = YES;
				CLANG_WARN_OBJC_ROOT_CLASS = YES_ERROR;
				CLANG_WARN_QUOTED_INCLUDE_IN_FRAMEWORK_HEADER = YES;
				CLANG_WARN_RANGE_LOOP_ANALYSIS = YES;
				CLANG_WARN_STRICT_PROTOTYPES = YES;
				CLANG_WARN_SUSPICIOUS_MOVE = YES;
				CLANG_WARN_UNGUARDED_AVAILABILITY = YES_AGGRESSIVE;
				CLANG_WARN_UNREACHABLE_CODE = YES;
				CLANG_WARN__DUPLICATE_METHOD_MATCH = YES;
				COPY_PHASE_STRIP = NO;
				DEBUG_INFORMATION_FORMAT = "dwarf-with-dsym";
				ENABLE_NS_ASSERTIONS = NO;
				ENABLE_STRICT_OBJC_MSGSEND = YES;
				ENABLE_USER_SCRIPT_SANDBOXING = YES;
				GCC_C_LANGUAGE_STANDARD = gnu17;
				GCC_NO_COMMON_BLOCKS = YES;
				GCC_WARN_64_TO_32_BIT_CONVERSION = YES;
				GCC_WARN_ABOUT_RETURN_TYPE = YES_ERROR;
				GCC_WARN_UNDECLARED_SELECTOR = YES;
				GCC_WARN_UNINITIALIZED_AUTOS = YES_AGGRESSIVE;
				GCC_WARN_UNUSED_FUNCTION = YES;
				GCC_WARN_UNUSED_VARIABLE = YES;
				IPHONEOS_DEPLOYMENT_TARGET = 16.0;
				LOCALIZATION_PREFERS_STRING_CATALOGS = YES;
				MTL_ENABLE_DEBUG_INFO = NO;
				MTL_FAST_MATH = YES;
				SDKROOT = iphoneos;
				SWIFT_COMPILATION_MODE = wholemodule;
				VALIDATE_PRODUCT = YES;
			};
			name = Release;
		};
		B871C19A2E433E48005CB199 /* Debug */ = {
			isa = XCBuildConfiguration;
			buildSettings = {
				ASSETCATALOG_COMPILER_APPICON_NAME = AppIcon;
				ASSETCATALOG_COMPILER_GLOBAL_ACCENT_COLOR_NAME = AccentColor;
				CODE_SIGN_STYLE = Automatic;
				CURRENT_PROJECT_VERSION = 1;
				DEVELOPMENT_ASSET_PATHS = "\"Remembrance/Preview Content\"";
				DEVELOPMENT_TEAM = H3NXD6F9S8;
				ENABLE_PREVIEWS = YES;
				GENERATE_INFOPLIST_FILE = YES;
				INFOPLIST_KEY_UIApplicationSceneManifest_Generation = YES;
				INFOPLIST_KEY_UIApplicationSupportsIndirectInputEvents = YES;
				INFOPLIST_KEY_UILaunchScreen_Generation = YES;
				INFOPLIST_KEY_UISupportedInterfaceOrientations_iPad = "UIInterfaceOrientationPortrait UIInterfaceOrientationPortraitUpsideDown UIInterfaceOrientationLandscapeLeft UIInterfaceOrientationLandscapeRight";
				INFOPLIST_KEY_UISupportedInterfaceOrientations_iPhone = "UIInterfaceOrientationPortrait UIInterfaceOrientationLandscapeLeft UIInterfaceOrientationLandscapeRight";
				LD_RUNPATH_SEARCH_PATHS = (
					"$(inherited)",
					"@executable_path/Frameworks",
				);
				MARKETING_VERSION = 1.0;
				PRODUCT_BUNDLE_IDENTIFIER = "stuartgrant.Remembrance";
				PRODUCT_NAME = "$(TARGET_NAME)";
				SWIFT_EMIT_LOC_STRINGS = YES;
				SWIFT_VERSION = 5.0;
				TARGETED_DEVICE_FAMILY = "1,2";
			};
			name = Debug;
		};
		B871C19B2E433E48005CB199 /* Release */ = {
			isa = XCBuildConfiguration;
			buildSettings = {
				ASSETCATALOG_COMPILER_APPICON_NAME = AppIcon;
				ASSETCATALOG_COMPILER_GLOBAL_ACCENT_COLOR_NAME = AccentColor;
				CODE_SIGN_STYLE = Automatic;
				CURRENT_PROJECT_VERSION = 1;
				DEVELOPMENT_ASSET_PATHS = "\"Remembrance/Preview Content\"";
				DEVELOPMENT_TEAM = H3NXD6F9S8;
				ENABLE_PREVIEWS = YES;
				GENERATE_INFOPLIST_FILE = YES;
				INFOPLIST_KEY_UIApplicationSceneManifest_Generation = YES;
				INFOPLIST_KEY_UIApplicationSupportsIndirectInputEvents = YES;
				INFOPLIST_KEY_UILaunchScreen_Generation = YES;
				INFOPLIST_KEY_UISupportedInterfaceOrientations_iPad = "UIInterfaceOrientationPortrait UIInterfaceOrientationPortraitUpsideDown UIInterfaceOrientationLandscapeLeft UIInterfaceOrientationLandscapeRight";
				INFOPLIST_KEY_UISupportedInterfaceOrientations_iPhone = "UIInterfaceOrientationPortrait UIInterfaceOrientationLandscapeLeft UIInterfaceOrientationLandscapeRight";
				LD_RUNPATH_SEARCH_PATHS = (
					"$(inherited)",
					"@executable_path/Frameworks",
				);
				MARKETING_VERSION = 1.0;
				PRODUCT_BUNDLE_IDENTIFIER = "stuartgrant.Remembrance";
				PRODUCT_NAME = "$(TARGET_NAME)";
				SWIFT_EMIT_LOC_STRINGS = YES;
				SWIFT_VERSION = 5.0;
				TARGETED_DEVICE_FAMILY = "1,2";
			};
			name = Release;
		};
		B871C19D2E433E48005CB199 /* Debug */ = {
			isa = XCBuildConfiguration;
			buildSettings = {
				ALWAYS_EMBED_SWIFT_STANDARD_LIBRARIES = YES;
				BUNDLE_LOADER = "$(TEST_HOST)";
				CODE_SIGN_STYLE = Automatic;
				CURRENT_PROJECT_VERSION = 1;
				GENERATE_INFOPLIST_FILE = YES;
				IPHONEOS_DEPLOYMENT_TARGET = 16.0;
				MARKETING_VERSION = 1.0;
				PRODUCT_BUNDLE_IDENTIFIER = "stuartgrant.RemembranceTests";
				PRODUCT_NAME = "$(TARGET_NAME)";
				SWIFT_EMIT_LOC_STRINGS = NO;
				SWIFT_VERSION = 5.0;
				TARGETED_DEVICE_FAMILY = "1,2";
				TEST_HOST = "$(BUILT_PRODUCTS_DIR)/Remembrance.app/$(BUNDLE_EXECUTABLE_FOLDER_PATH)/Remembrance";
			};
			name = Debug;
		};
		B871C19E2E433E48005CB199 /* Release */ = {
			isa = XCBuildConfiguration;
			buildSettings = {
				ALWAYS_EMBED_SWIFT_STANDARD_LIBRARIES = YES;
				BUNDLE_LOADER = "$(TEST_HOST)";
				CODE_SIGN_STYLE = Automatic;
				CURRENT_PROJECT_VERSION = 1;
				GENERATE_INFOPLIST_FILE = YES;
				IPHONEOS_DEPLOYMENT_TARGET = 16.0;
				MARKETING_VERSION = 1.0;
				PRODUCT_BUNDLE_IDENTIFIER = "stuartgrant.RemembranceTests";
				PRODUCT_NAME = "$(TARGET_NAME)";
				SWIFT_EMIT_LOC_STRINGS = NO;
				SWIFT_VERSION = 5.0;
				TARGETED_DEVICE_FAMILY = "1,2";
				TEST_HOST = "$(BUILT_PRODUCTS_DIR)/Remembrance.app/$(BUNDLE_EXECUTABLE_FOLDER_PATH)/Remembrance";
			};
			name = Release;
		};
		B871C1A02E433E48005CB199 /* Debug */ = {
			isa = XCBuildConfiguration;
			buildSettings = {
				ALWAYS_EMBED_SWIFT_STANDARD_LIBRARIES = YES;
				CODE_SIGN_STYLE = Automatic;
				CURRENT_PROJECT_VERSION = 1;
				GENERATE_INFOPLIST_FILE = YES;
				MARKETING_VERSION = 1.0;
				PRODUCT_BUNDLE_IDENTIFIER = "stuartgrant.RemembranceUITests";
				PRODUCT_NAME = "$(TARGET_NAME)";
				SWIFT_EMIT_LOC_STRINGS = NO;
				SWIFT_VERSION = 5.0;
				TARGETED_DEVICE_FAMILY = "1,2";
				TEST_TARGET_NAME = Remembrance;
			};
			name = Debug;
		};
		B871C1A12E433E48005CB199 /* Release */ = {
			isa = XCBuildConfiguration;
			buildSettings = {
				ALWAYS_EMBED_SWIFT_STANDARD_LIBRARIES = YES;
				CODE_SIGN_STYLE = Automatic;
				CURRENT_PROJECT_VERSION = 1;
				GENERATE_INFOPLIST_FILE = YES;
				MARKETING_VERSION = 1.0;
				PRODUCT_BUNDLE_IDENTIFIER = "stuartgrant.RemembranceUITests";
				PRODUCT_NAME = "$(TARGET_NAME)";
				SWIFT_EMIT_LOC_STRINGS = NO;
				SWIFT_VERSION = 5.0;
				TARGETED_DEVICE_FAMILY = "1,2";
				TEST_TARGET_NAME = Remembrance;
			};
			name = Release;
		};
/* End XCBuildConfiguration section */

/* Begin XCConfigurationList section */
		B871C1702E433E44005CB199 /* Build configuration list for PBXProject "Remembrance" */ = {
			isa = XCConfigurationList;
			buildConfigurations = (
				B871C1972E433E48005CB199 /* Debug */,
				B871C1982E433E48005CB199 /* Release */,
			);
			defaultConfigurationIsVisible = 0;
			defaultConfigurationName = Release;
		};
		B871C1992E433E48005CB199 /* Build configuration list for PBXNativeTarget "Remembrance" */ = {
			isa = XCConfigurationList;
			buildConfigurations = (
				B871C19A2E433E48005CB199 /* Debug */,
				B871C19B2E433E48005CB199 /* Release */,
			);
			defaultConfigurationIsVisible = 0;
			defaultConfigurationName = Release;
		};
		B871C19C2E433E48005CB199 /* Build configuration list for PBXNativeTarget "RemembranceTests" */ = {
			isa = XCConfigurationList;
			buildConfigurations = (
				B871C19D2E433E48005CB199 /* Debug */,
				B871C19E2E433E48005CB199 /* Release */,
			);
			defaultConfigurationIsVisible = 0;
			defaultConfigurationName = Release;
		};
		B871C19F2E433E48005CB199 /* Build configuration list for PBXNativeTarget "RemembranceUITests" */ = {
			isa = XCConfigurationList;
			buildConfigurations = (
				B871C1A02E433E48005CB199 /* Debug */,
				B871C1A12E433E48005CB199 /* Release */,
			);
			defaultConfigurationIsVisible = 0;
			defaultConfigurationName = Release;
		};
/* End XCConfigurationList section */
	};
	rootObject = B871C16D2E433E44005CB199 /* Project object */;
}
